
Microsoft Visual Studio Solution File, Format Version 12.00
# Visual Studio Version 17
VisualStudioVersion = 17.5.33424.131
MinimumVisualStudioVersion = 10.0.40219.1
Project("{9A19103F-16F7-4668-BE54-9A1E7A4F7556}") = "Практическая 1", "Практическая 1\Практическая 1.csproj", "{A5E7ACD9-0D15-43CD-8050-BB246285F75B}"
EndProject
Global
	GlobalSection(SolutionConfigurationPlatforms) = preSolution
		Debug|Any CPU = Debug|Any CPU
		Release|Any CPU = Release|Any CPU
	EndGlobalSection
	GlobalSection(ProjectConfigurationPlatforms) = postSolution
		{A5E7ACD9-0D15-43CD-8050-BB246285F75B}.Debug|Any CPU.ActiveCfg = Debug|Any CPU
		{A5E7ACD9-0D15-43CD-8050-BB246285F75B}.Debug|Any CPU.Build.0 = Debug|Any CPU
		{A5E7ACD9-0D15-43CD-8050-BB246285F75B}.Release|Any CPU.ActiveCfg = Release|Any CPU
		{A5E7ACD9-0D15-43CD-8050-BB246285F75B}.Release|Any CPU.Build.0 = Release|Any CPU
	EndGlobalSection
	GlobalSection(SolutionProperties) = preSolution
		HideSolutionNode = FALSE
	EndGlobalSection
	GlobalSection(ExtensibilityGlobals) = postSolution
		SolutionGuid = {5F29B01F-90F3-42AC-9B36-8C3E140ECB50}
	EndGlobalSection
EndGlobal
